# auto-generated by grc.converter

id: dab_dab_transmission_frame_mux_bb
label: 'DAB: Transmission Frame MUX'
category: '[DAB]'

parameters:
-   id: dab_mode
    label: DAB Mode
    dtype: int
    default: '1'
    options: ['1', '2', '3', '4']
    option_labels: [Mode 1, Mode 2, Mode 3, Mode 4]
-   id: num_subch
    label: Number of sub-channels
    dtype: int
    hide: part
-   id: subch_size
    label: Subchannel Sizes
    dtype: raw

inputs:
-   label: fic
    domain: stream
    dtype: byte
-   label: subch
    domain: stream
    dtype: byte
    multiplicity: ${ num_subch }

outputs:
-   label: data
    domain: stream
    dtype: byte

templates:
    imports: from gnuradio import dab
    make: dab.dab_transmission_frame_mux_bb(${dab_mode}, ${num_subch}, ${subch_size})

file_format: 1
